Microsoft Visual Studio Solution File, Format Version 12.00
# Visual Studio Version 17
VisualStudioVersion = 17.5.2.0
MinimumVisualStudioVersion = 10.0.40219.1
Project("{FAE04EC0-301F-11D3-BF4B-00C04F79EFBC}") = "PruebaJuanGuzman", "PruebaJuanGuzman.csproj", "{26831016-8009-E8D6-351C-EE257C165069}"
EndProject
Global
	GlobalSection(SolutionConfigurationPlatforms) = preSolution
		Debug|Any CPU = Debug|Any CPU
		Release|Any CPU = Release|Any CPU
	EndGlobalSection
	GlobalSection(ProjectConfigurationPlatforms) = postSolution
		{26831016-8009-E8D6-351C-EE257C165069}.Debug|Any CPU.ActiveCfg = Debug|Any CPU
		{26831016-8009-E8D6-351C-EE257C165069}.Debug|Any CPU.Build.0 = Debug|Any CPU
		{26831016-8009-E8D6-351C-EE257C165069}.Release|Any CPU.ActiveCfg = Release|Any CPU
		{26831016-8009-E8D6-351C-EE257C165069}.Release|Any CPU.Build.0 = Release|Any CPU
	EndGlobalSection
	GlobalSection(SolutionProperties) = preSolution
		HideSolutionNode = FALSE
	EndGlobalSection
	GlobalSection(ExtensibilityGlobals) = postSolution
		SolutionGuid = {7DB8CA12-1606-43DF-ABC0-E392FC86FF94}
	EndGlobalSection
EndGlobal
